{
  "name": "trpc",
  "version": "1.0.0",
  "lockfileVersion": 3,
  "requires": true,
  "packages": {
    "": {
      "name": "trpc",
      "version": "1.0.0",
      "license": "ISC",
      "dependencies": {
        "@trpc/server": "^11.0.0",
        "zod": "^3.25.17"
      },
      "devDependencies": {
        "@types/node": "^22.15.21",
        "typescript": "^5.8.3"
      }
    },
    "../../node_modules/.pnpm/@trpc+server@11.0.0_typescript@5.8.3/node_modules/@trpc/server": {
      "version": "11.0.0",
      "funding": [
        "https://trpc.io/sponsor"
      ],
      "license": "MIT",
      "devDependencies": {
        "@fastify/websocket": "^10.0.1",
        "@tanstack/react-query": "^5.67.1",
        "@types/aws-lambda": "^8.10.137",
        "@types/express": "^5.0.0",
        "@types/hash-sum": "^1.0.0",
        "@types/node": "^22.13.5",
        "@types/react": "^19.0.0",
        "@types/react-dom": "^19.0.0",
        "@types/ws": "^8.2.0",
        "devalue": "^5.0.0",
        "eslint": "^9.21.0",
        "express": "^5.0.0",
        "fastify": "^4.16.0",
        "fastify-plugin": "^5.0.0",
        "hash-sum": "^2.0.0",
        "myzod": "^1.3.1",
        "next": "^15.1.7",
        "react": "^19.0.0",
        "react-dom": "^19.0.0",
        "rollup": "^4.34.8",
        "superjson": "^1.12.4",
        "superstruct": "^2.0.0",
        "tsx": "^4.19.3",
        "typescript": "^5.8.2",
        "valibot": "1.0.0",
        "ws": "^8.0.0",
        "yup": "^1.0.0",
        "zod": "^3.24.2"
      },
      "peerDependencies": {
        "typescript": ">=5.7.2"
      }
    },
    "../../node_modules/.pnpm/typescript@5.8.3/node_modules/typescript": {
      "version": "5.8.3",
      "dev": true,
      "license": "Apache-2.0",
      "bin": {
        "tsc": "bin/tsc",
        "tsserver": "bin/tsserver"
      },
      "devDependencies": {
        "@dprint/formatter": "^0.4.1",
        "@dprint/typescript": "0.93.3",
        "@esfx/canceltoken": "^1.0.0",
        "@eslint/js": "^9.17.0",
        "@octokit/rest": "^21.0.2",
        "@types/chai": "^4.3.20",
        "@types/diff": "^5.2.3",
        "@types/minimist": "^1.2.5",
        "@types/mocha": "^10.0.10",
        "@types/ms": "^0.7.34",
        "@types/node": "latest",
        "@types/source-map-support": "^0.5.10",
        "@types/which": "^3.0.4",
        "@typescript-eslint/rule-tester": "^8.18.1",
        "@typescript-eslint/type-utils": "^8.18.1",
        "@typescript-eslint/utils": "^8.18.1",
        "azure-devops-node-api": "^14.1.0",
        "c8": "^10.1.3",
        "chai": "^4.5.0",
        "chalk": "^4.1.2",
        "chokidar": "^3.6.0",
        "diff": "^5.2.0",
        "dprint": "^0.47.6",
        "esbuild": "^0.24.0",
        "eslint": "^9.17.0",
        "eslint-formatter-autolinkable-stylish": "^1.4.0",
        "eslint-plugin-regexp": "^2.7.0",
        "fast-xml-parser": "^4.5.1",
        "glob": "^10.4.5",
        "globals": "^15.13.0",
        "hereby": "^1.10.0",
        "jsonc-parser": "^3.3.1",
        "knip": "^5.41.0",
        "minimist": "^1.2.8",
        "mocha": "^10.8.2",
        "mocha-fivemat-progress-reporter": "^0.1.0",
        "monocart-coverage-reports": "^2.11.4",
        "ms": "^2.1.3",
        "playwright": "^1.49.1",
        "source-map-support": "^0.5.21",
        "tslib": "^2.8.1",
        "typescript": "^5.7.2",
        "typescript-eslint": "^8.18.1",
        "which": "^3.0.1"
      },
      "engines": {
        "node": ">=14.17"
      }
    },
    "../../node_modules/.pnpm/zod@3.25.17/node_modules/zod": {
      "version": "3.25.17",
      "license": "MIT",
      "funding": {
        "url": "https://github.com/sponsors/colinhacks"
      }
    },
    "node_modules/@trpc/server": {
      "resolved": "../../node_modules/.pnpm/@trpc+server@11.0.0_typescript@5.8.3/node_modules/@trpc/server",
      "link": true
    },
    "node_modules/@types/node": {
      "version": "22.15.21",
      "resolved": "https://registry.npmjs.org/@types/node/-/node-22.15.21.tgz",
      "integrity": "sha512-EV/37Td6c+MgKAbkcLG6vqZ2zEYHD7bvSrzqqs2RIhbA6w3x+Dqz8MZM3sP6kGTeLrdoOgKZe+Xja7tUB2DNkQ==",
      "dev": true,
      "license": "MIT",
      "dependencies": {
        "undici-types": "~6.21.0"
      }
    },
    "node_modules/typescript": {
      "resolved": "../../node_modules/.pnpm/typescript@5.8.3/node_modules/typescript",
      "link": true
    },
    "node_modules/undici-types": {
      "version": "6.21.0",
      "resolved": "https://registry.npmjs.org/undici-types/-/undici-types-6.21.0.tgz",
      "integrity": "sha512-iwDZqg0QAGrg9Rav5H4n0M64c3mkR59cJ6wQp+7C4nI0gsmExaedaYLNO44eT4AtBBwjbTiGPMlt2Md0T9H9JQ==",
      "dev": true,
      "license": "MIT"
    },
    "node_modules/zod": {
      "resolved": "../../node_modules/.pnpm/zod@3.25.17/node_modules/zod",
      "link": true
    }
  }
}
